
Microsoft Visual Studio Solution File, Format Version 12.00
# Visual Studio Version 17
VisualStudioVersion = 17.0.31903.59
MinimumVisualStudioVersion = 10.0.40219.1
Project("{9A19103F-16F7-4668-BE54-9A1E7A4F7556}") = "Task 1", "Task 1\Task 1.csproj", "{A3ECB479-4867-4B2E-9DB9-243FFA57A814}"
EndProject
Project("{9A19103F-16F7-4668-BE54-9A1E7A4F7556}") = "Task 2", "Task 2\Task 2.csproj", "{6B921E9D-7D62-47EC-9A93-44B18511251C}"
EndProject
Project("{FAE04EC0-301F-11D3-BF4B-00C04F79EFBC}") = "Individual", "Individual\Individual.csproj", "{312349E8-E8C5-4D2D-A993-7D1821FE0604}"
EndProject
Global
	GlobalSection(SolutionConfigurationPlatforms) = preSolution
		Debug|Any CPU = Debug|Any CPU
		Release|Any CPU = Release|Any CPU
	EndGlobalSection
	GlobalSection(ProjectConfigurationPlatforms) = postSolution
		{A3ECB479-4867-4B2E-9DB9-243FFA57A814}.Debug|Any CPU.ActiveCfg = Debug|Any CPU
		{A3ECB479-4867-4B2E-9DB9-243FFA57A814}.Debug|Any CPU.Build.0 = Debug|Any CPU
		{A3ECB479-4867-4B2E-9DB9-243FFA57A814}.Release|Any CPU.ActiveCfg = Release|Any CPU
		{A3ECB479-4867-4B2E-9DB9-243FFA57A814}.Release|Any CPU.Build.0 = Release|Any CPU
		{6B921E9D-7D62-47EC-9A93-44B18511251C}.Debug|Any CPU.ActiveCfg = Debug|Any CPU
		{6B921E9D-7D62-47EC-9A93-44B18511251C}.Debug|Any CPU.Build.0 = Debug|Any CPU
		{6B921E9D-7D62-47EC-9A93-44B18511251C}.Release|Any CPU.ActiveCfg = Release|Any CPU
		{6B921E9D-7D62-47EC-9A93-44B18511251C}.Release|Any CPU.Build.0 = Release|Any CPU
		{312349E8-E8C5-4D2D-A993-7D1821FE0604}.Debug|Any CPU.ActiveCfg = Debug|Any CPU
		{312349E8-E8C5-4D2D-A993-7D1821FE0604}.Debug|Any CPU.Build.0 = Debug|Any CPU
		{312349E8-E8C5-4D2D-A993-7D1821FE0604}.Release|Any CPU.ActiveCfg = Release|Any CPU
		{312349E8-E8C5-4D2D-A993-7D1821FE0604}.Release|Any CPU.Build.0 = Release|Any CPU
	EndGlobalSection
	GlobalSection(SolutionProperties) = preSolution
		HideSolutionNode = FALSE
	EndGlobalSection
EndGlobal
